
Microsoft Visual Studio Solution File, Format Version 12.00
# Visual Studio 15
VisualStudioVersion = 15.0.28307.421
MinimumVisualStudioVersion = 10.0.40219.1
Project("{2150E333-8FDC-42A3-9474-1A3956D46DE8}") = "Frontend", "Frontend", "{FD89B5DE-F725-45FC-BE63-CF07492AA4D7}"
EndProject
Project("{2150E333-8FDC-42A3-9474-1A3956D46DE8}") = "Backend", "Backend", "{BD5AD73D-CB09-48D0-9493-911C9194A924}"
EndProject
Project("{2150E333-8FDC-42A3-9474-1A3956D46DE8}") = "Classic", "Classic", "{E83869B4-D187-4F5B-8C1A-E545733387D5}"
EndProject
Project("{2150E333-8FDC-42A3-9474-1A3956D46DE8}") = "Forms", "Forms", "{21EE276D-27F3-41E4-8E5A-8ED1268C9686}"
EndProject
Project("{9A19103F-16F7-4668-BE54-9A1E7A4F7556}") = "MedicSoft.Web", "MedicSoft.Web\MedicSoft.Web.csproj", "{D882277B-9BC4-424E-A6F0-E47E798E6432}"
EndProject
Project("{9A19103F-16F7-4668-BE54-9A1E7A4F7556}") = "MedicSoft.Common", "MedicSoft.Common\MedicSoft.Common.csproj", "{5A680090-9EC5-4A5F-80AC-FA1D11E296ED}"
EndProject
Project("{FAE04EC0-301F-11D3-BF4B-00C04F79EFBC}") = "MedicSoft.UIForms.Android", "MedicSoft.UIForms\MedicSoft.UIForms.Android\MedicSoft.UIForms.Android.csproj", "{30B028D1-529D-41E9-9C2A-ACA7BC275BFE}"
EndProject
Project("{FAE04EC0-301F-11D3-BF4B-00C04F79EFBC}") = "MedicSoft.UIForms.iOS", "MedicSoft.UIForms\MedicSoft.UIForms.iOS\MedicSoft.UIForms.iOS.csproj", "{536AE0C6-380D-4C7D-9803-711BFEAA3C0B}"
EndProject
Project("{9A19103F-16F7-4668-BE54-9A1E7A4F7556}") = "MedicSoft.UIForms", "MedicSoft.UIForms\MedicSoft.UIForms\MedicSoft.UIForms.csproj", "{C12A1D92-1A54-44AA-8519-5FC8F6F5530C}"
EndProject
Project("{9A19103F-16F7-4668-BE54-9A1E7A4F7556}") = "MedicSoft.UIClassic", "MedicSoft.UIClassic\MedicSoft.UIClassic.csproj", "{560D8BE5-5EB8-4D7A-A632-207F35FA5716}"
EndProject
Project("{FAE04EC0-301F-11D3-BF4B-00C04F79EFBC}") = "MedicSoft.UIClassic.Android", "MedicSoft.UIClassic.Android\MedicSoft.UIClassic.Android.csproj", "{A7CAE69C-504F-46A1-9BEB-731E2450E750}"
EndProject
Project("{FAE04EC0-301F-11D3-BF4B-00C04F79EFBC}") = "MedicSoft.UIClassic.iOS", "MedicSoft.UIClassic.iOS\MedicSoft.UIClassic.iOS.csproj", "{80A96B52-6758-4BDB-B0B4-CEA4CA155C60}"
EndProject
Global
	GlobalSection(SolutionConfigurationPlatforms) = preSolution
		Ad-Hoc|Any CPU = Ad-Hoc|Any CPU
		Ad-Hoc|iPhone = Ad-Hoc|iPhone
		Ad-Hoc|iPhoneSimulator = Ad-Hoc|iPhoneSimulator
		AppStore|Any CPU = AppStore|Any CPU
		AppStore|iPhone = AppStore|iPhone
		AppStore|iPhoneSimulator = AppStore|iPhoneSimulator
		Debug|Any CPU = Debug|Any CPU
		Debug|iPhone = Debug|iPhone
		Debug|iPhoneSimulator = Debug|iPhoneSimulator
		Release|Any CPU = Release|Any CPU
		Release|iPhone = Release|iPhone
		Release|iPhoneSimulator = Release|iPhoneSimulator
	EndGlobalSection
	GlobalSection(ProjectConfigurationPlatforms) = postSolution
		{D882277B-9BC4-424E-A6F0-E47E798E6432}.Ad-Hoc|Any CPU.ActiveCfg = Debug|Any CPU
		{D882277B-9BC4-424E-A6F0-E47E798E6432}.Ad-Hoc|Any CPU.Build.0 = Debug|Any CPU
		{D882277B-9BC4-424E-A6F0-E47E798E6432}.Ad-Hoc|iPhone.ActiveCfg = Debug|Any CPU
		{D882277B-9BC4-424E-A6F0-E47E798E6432}.Ad-Hoc|iPhone.Build.0 = Debug|Any CPU
		{D882277B-9BC4-424E-A6F0-E47E798E6432}.Ad-Hoc|iPhoneSimulator.ActiveCfg = Debug|Any CPU
		{D882277B-9BC4-424E-A6F0-E47E798E6432}.Ad-Hoc|iPhoneSimulator.Build.0 = Debug|Any CPU
		{D882277B-9BC4-424E-A6F0-E47E798E6432}.AppStore|Any CPU.ActiveCfg = Debug|Any CPU
		{D882277B-9BC4-424E-A6F0-E47E798E6432}.AppStore|Any CPU.Build.0 = Debug|Any CPU
		{D882277B-9BC4-424E-A6F0-E47E798E6432}.AppStore|iPhone.ActiveCfg = Debug|Any CPU
		{D882277B-9BC4-424E-A6F0-E47E798E6432}.AppStore|iPhone.Build.0 = Debug|Any CPU
		{D882277B-9BC4-424E-A6F0-E47E798E6432}.AppStore|iPhoneSimulator.ActiveCfg = Debug|Any CPU
		{D882277B-9BC4-424E-A6F0-E47E798E6432}.AppStore|iPhoneSimulator.Build.0 = Debug|Any CPU
		{D882277B-9BC4-424E-A6F0-E47E798E6432}.Debug|Any CPU.ActiveCfg = Debug|Any CPU
		{D882277B-9BC4-424E-A6F0-E47E798E6432}.Debug|Any CPU.Build.0 = Debug|Any CPU
		{D882277B-9BC4-424E-A6F0-E47E798E6432}.Debug|iPhone.ActiveCfg = Debug|Any CPU
		{D882277B-9BC4-424E-A6F0-E47E798E6432}.Debug|iPhone.Build.0 = Debug|Any CPU
		{D882277B-9BC4-424E-A6F0-E47E798E6432}.Debug|iPhoneSimulator.ActiveCfg = Debug|Any CPU
		{D882277B-9BC4-424E-A6F0-E47E798E6432}.Debug|iPhoneSimulator.Build.0 = Debug|Any CPU
		{D882277B-9BC4-424E-A6F0-E47E798E6432}.Release|Any CPU.ActiveCfg = Release|Any CPU
		{D882277B-9BC4-424E-A6F0-E47E798E6432}.Release|Any CPU.Build.0 = Release|Any CPU
		{D882277B-9BC4-424E-A6F0-E47E798E6432}.Release|iPhone.ActiveCfg = Release|Any CPU
		{D882277B-9BC4-424E-A6F0-E47E798E6432}.Release|iPhone.Build.0 = Release|Any CPU
		{D882277B-9BC4-424E-A6F0-E47E798E6432}.Release|iPhoneSimulator.ActiveCfg = Release|Any CPU
		{D882277B-9BC4-424E-A6F0-E47E798E6432}.Release|iPhoneSimulator.Build.0 = Release|Any CPU
		{5A680090-9EC5-4A5F-80AC-FA1D11E296ED}.Ad-Hoc|Any CPU.ActiveCfg = Debug|Any CPU
		{5A680090-9EC5-4A5F-80AC-FA1D11E296ED}.Ad-Hoc|Any CPU.Build.0 = Debug|Any CPU
		{5A680090-9EC5-4A5F-80AC-FA1D11E296ED}.Ad-Hoc|iPhone.ActiveCfg = Debug|Any CPU
		{5A680090-9EC5-4A5F-80AC-FA1D11E296ED}.Ad-Hoc|iPhone.Build.0 = Debug|Any CPU
		{5A680090-9EC5-4A5F-80AC-FA1D11E296ED}.Ad-Hoc|iPhoneSimulator.ActiveCfg = Debug|Any CPU
		{5A680090-9EC5-4A5F-80AC-FA1D11E296ED}.Ad-Hoc|iPhoneSimulator.Build.0 = Debug|Any CPU
		{5A680090-9EC5-4A5F-80AC-FA1D11E296ED}.AppStore|Any CPU.ActiveCfg = Debug|Any CPU
		{5A680090-9EC5-4A5F-80AC-FA1D11E296ED}.AppStore|Any CPU.Build.0 = Debug|Any CPU
		{5A680090-9EC5-4A5F-80AC-FA1D11E296ED}.AppStore|iPhone.ActiveCfg = Debug|Any CPU
		{5A680090-9EC5-4A5F-80AC-FA1D11E296ED}.AppStore|iPhone.Build.0 = Debug|Any CPU
		{5A680090-9EC5-4A5F-80AC-FA1D11E296ED}.AppStore|iPhoneSimulator.ActiveCfg = Debug|Any CPU
		{5A680090-9EC5-4A5F-80AC-FA1D11E296ED}.AppStore|iPhoneSimulator.Build.0 = Debug|Any CPU
		{5A680090-9EC5-4A5F-80AC-FA1D11E296ED}.Debug|Any CPU.ActiveCfg = Debug|Any CPU
		{5A680090-9EC5-4A5F-80AC-FA1D11E296ED}.Debug|Any CPU.Build.0 = Debug|Any CPU
		{5A680090-9EC5-4A5F-80AC-FA1D11E296ED}.Debug|iPhone.ActiveCfg = Debug|Any CPU
		{5A680090-9EC5-4A5F-80AC-FA1D11E296ED}.Debug|iPhone.Build.0 = Debug|Any CPU
		{5A680090-9EC5-4A5F-80AC-FA1D11E296ED}.Debug|iPhoneSimulator.ActiveCfg = Debug|Any CPU
		{5A680090-9EC5-4A5F-80AC-FA1D11E296ED}.Debug|iPhoneSimulator.Build.0 = Debug|Any CPU
		{5A680090-9EC5-4A5F-80AC-FA1D11E296ED}.Release|Any CPU.ActiveCfg = Release|Any CPU
		{5A680090-9EC5-4A5F-80AC-FA1D11E296ED}.Release|Any CPU.Build.0 = Release|Any CPU
		{5A680090-9EC5-4A5F-80AC-FA1D11E296ED}.Release|iPhone.ActiveCfg = Release|Any CPU
		{5A680090-9EC5-4A5F-80AC-FA1D11E296ED}.Release|iPhone.Build.0 = Release|Any CPU
		{5A680090-9EC5-4A5F-80AC-FA1D11E296ED}.Release|iPhoneSimulator.ActiveCfg = Release|Any CPU
		{5A680090-9EC5-4A5F-80AC-FA1D11E296ED}.Release|iPhoneSimulator.Build.0 = Release|Any CPU
		{30B028D1-529D-41E9-9C2A-ACA7BC275BFE}.Ad-Hoc|Any CPU.ActiveCfg = Release|Any CPU
		{30B028D1-529D-41E9-9C2A-ACA7BC275BFE}.Ad-Hoc|Any CPU.Build.0 = Release|Any CPU
		{30B028D1-529D-41E9-9C2A-ACA7BC275BFE}.Ad-Hoc|Any CPU.Deploy.0 = Release|Any CPU
		{30B028D1-529D-41E9-9C2A-ACA7BC275BFE}.Ad-Hoc|iPhone.ActiveCfg = Release|Any CPU
		{30B028D1-529D-41E9-9C2A-ACA7BC275BFE}.Ad-Hoc|iPhone.Build.0 = Release|Any CPU
		{30B028D1-529D-41E9-9C2A-ACA7BC275BFE}.Ad-Hoc|iPhone.Deploy.0 = Release|Any CPU
		{30B028D1-529D-41E9-9C2A-ACA7BC275BFE}.Ad-Hoc|iPhoneSimulator.ActiveCfg = Release|Any CPU
		{30B028D1-529D-41E9-9C2A-ACA7BC275BFE}.Ad-Hoc|iPhoneSimulator.Build.0 = Release|Any CPU
		{30B028D1-529D-41E9-9C2A-ACA7BC275BFE}.Ad-Hoc|iPhoneSimulator.Deploy.0 = Release|Any CPU
		{30B028D1-529D-41E9-9C2A-ACA7BC275BFE}.AppStore|Any CPU.ActiveCfg = Release|Any CPU
		{30B028D1-529D-41E9-9C2A-ACA7BC275BFE}.AppStore|Any CPU.Build.0 = Release|Any CPU
		{30B028D1-529D-41E9-9C2A-ACA7BC275BFE}.AppStore|Any CPU.Deploy.0 = Release|Any CPU
		{30B028D1-529D-41E9-9C2A-ACA7BC275BFE}.AppStore|iPhone.ActiveCfg = Release|Any CPU
		{30B028D1-529D-41E9-9C2A-ACA7BC275BFE}.AppStore|iPhone.Build.0 = Release|Any CPU
		{30B028D1-529D-41E9-9C2A-ACA7BC275BFE}.AppStore|iPhone.Deploy.0 = Release|Any CPU
		{30B028D1-529D-41E9-9C2A-ACA7BC275BFE}.AppStore|iPhoneSimulator.ActiveCfg = Release|Any CPU
		{30B028D1-529D-41E9-9C2A-ACA7BC275BFE}.AppStore|iPhoneSimulator.Build.0 = Release|Any CPU
		{30B028D1-529D-41E9-9C2A-ACA7BC275BFE}.AppStore|iPhoneSimulator.Deploy.0 = Release|Any CPU
		{30B028D1-529D-41E9-9C2A-ACA7BC275BFE}.Debug|Any CPU.ActiveCfg = Debug|Any CPU
		{30B028D1-529D-41E9-9C2A-ACA7BC275BFE}.Debug|Any CPU.Build.0 = Debug|Any CPU
		{30B028D1-529D-41E9-9C2A-ACA7BC275BFE}.Debug|Any CPU.Deploy.0 = Debug|Any CPU
		{30B028D1-529D-41E9-9C2A-ACA7BC275BFE}.Debug|iPhone.ActiveCfg = Debug|Any CPU
		{30B028D1-529D-41E9-9C2A-ACA7BC275BFE}.Debug|iPhone.Build.0 = Debug|Any CPU
		{30B028D1-529D-41E9-9C2A-ACA7BC275BFE}.Debug|iPhone.Deploy.0 = Debug|Any CPU
		{30B028D1-529D-41E9-9C2A-ACA7BC275BFE}.Debug|iPhoneSimulator.ActiveCfg = Debug|Any CPU
		{30B028D1-529D-41E9-9C2A-ACA7BC275BFE}.Debug|iPhoneSimulator.Build.0 = Debug|Any CPU
		{30B028D1-529D-41E9-9C2A-ACA7BC275BFE}.Debug|iPhoneSimulator.Deploy.0 = Debug|Any CPU
		{30B028D1-529D-41E9-9C2A-ACA7BC275BFE}.Release|Any CPU.ActiveCfg = Release|Any CPU
		{30B028D1-529D-41E9-9C2A-ACA7BC275BFE}.Release|Any CPU.Build.0 = Release|Any CPU
		{30B028D1-529D-41E9-9C2A-ACA7BC275BFE}.Release|Any CPU.Deploy.0 = Release|Any CPU
		{30B028D1-529D-41E9-9C2A-ACA7BC275BFE}.Release|iPhone.ActiveCfg = Release|Any CPU
		{30B028D1-529D-41E9-9C2A-ACA7BC275BFE}.Release|iPhone.Build.0 = Release|Any CPU
		{30B028D1-529D-41E9-9C2A-ACA7BC275BFE}.Release|iPhone.Deploy.0 = Release|Any CPU
		{30B028D1-529D-41E9-9C2A-ACA7BC275BFE}.Release|iPhoneSimulator.ActiveCfg = Release|Any CPU
		{30B028D1-529D-41E9-9C2A-ACA7BC275BFE}.Release|iPhoneSimulator.Build.0 = Release|Any CPU
		{30B028D1-529D-41E9-9C2A-ACA7BC275BFE}.Release|iPhoneSimulator.Deploy.0 = Release|Any CPU
		{536AE0C6-380D-4C7D-9803-711BFEAA3C0B}.Ad-Hoc|Any CPU.ActiveCfg = Ad-Hoc|iPhone
		{536AE0C6-380D-4C7D-9803-711BFEAA3C0B}.Ad-Hoc|iPhone.ActiveCfg = Ad-Hoc|iPhone
		{536AE0C6-380D-4C7D-9803-711BFEAA3C0B}.Ad-Hoc|iPhone.Build.0 = Ad-Hoc|iPhone
		{536AE0C6-380D-4C7D-9803-711BFEAA3C0B}.Ad-Hoc|iPhoneSimulator.ActiveCfg = Ad-Hoc|iPhoneSimulator
		{536AE0C6-380D-4C7D-9803-711BFEAA3C0B}.Ad-Hoc|iPhoneSimulator.Build.0 = Ad-Hoc|iPhoneSimulator
		{536AE0C6-380D-4C7D-9803-711BFEAA3C0B}.AppStore|Any CPU.ActiveCfg = AppStore|iPhone
		{536AE0C6-380D-4C7D-9803-711BFEAA3C0B}.AppStore|iPhone.ActiveCfg = AppStore|iPhone
		{536AE0C6-380D-4C7D-9803-711BFEAA3C0B}.AppStore|iPhone.Build.0 = AppStore|iPhone
		{536AE0C6-380D-4C7D-9803-711BFEAA3C0B}.AppStore|iPhoneSimulator.ActiveCfg = AppStore|iPhoneSimulator
		{536AE0C6-380D-4C7D-9803-711BFEAA3C0B}.AppStore|iPhoneSimulator.Build.0 = AppStore|iPhoneSimulator
		{536AE0C6-380D-4C7D-9803-711BFEAA3C0B}.Debug|Any CPU.ActiveCfg = Debug|iPhone
		{536AE0C6-380D-4C7D-9803-711BFEAA3C0B}.Debug|iPhone.ActiveCfg = Debug|iPhone
		{536AE0C6-380D-4C7D-9803-711BFEAA3C0B}.Debug|iPhone.Build.0 = Debug|iPhone
		{536AE0C6-380D-4C7D-9803-711BFEAA3C0B}.Debug|iPhoneSimulator.ActiveCfg = Debug|iPhoneSimulator
		{536AE0C6-380D-4C7D-9803-711BFEAA3C0B}.Debug|iPhoneSimulator.Build.0 = Debug|iPhoneSimulator
		{536AE0C6-380D-4C7D-9803-711BFEAA3C0B}.Release|Any CPU.ActiveCfg = Release|iPhone
		{536AE0C6-380D-4C7D-9803-711BFEAA3C0B}.Release|iPhone.ActiveCfg = Release|iPhone
		{536AE0C6-380D-4C7D-9803-711BFEAA3C0B}.Release|iPhone.Build.0 = Release|iPhone
		{536AE0C6-380D-4C7D-9803-711BFEAA3C0B}.Release|iPhoneSimulator.ActiveCfg = Release|iPhoneSimulator
		{536AE0C6-380D-4C7D-9803-711BFEAA3C0B}.Release|iPhoneSimulator.Build.0 = Release|iPhoneSimulator
		{C12A1D92-1A54-44AA-8519-5FC8F6F5530C}.Ad-Hoc|Any CPU.ActiveCfg = Debug|Any CPU
		{C12A1D92-1A54-44AA-8519-5FC8F6F5530C}.Ad-Hoc|Any CPU.Build.0 = Debug|Any CPU
		{C12A1D92-1A54-44AA-8519-5FC8F6F5530C}.Ad-Hoc|iPhone.ActiveCfg = Debug|Any CPU
		{C12A1D92-1A54-44AA-8519-5FC8F6F5530C}.Ad-Hoc|iPhone.Build.0 = Debug|Any CPU
		{C12A1D92-1A54-44AA-8519-5FC8F6F5530C}.Ad-Hoc|iPhoneSimulator.ActiveCfg = Debug|Any CPU
		{C12A1D92-1A54-44AA-8519-5FC8F6F5530C}.Ad-Hoc|iPhoneSimulator.Build.0 = Debug|Any CPU
		{C12A1D92-1A54-44AA-8519-5FC8F6F5530C}.AppStore|Any CPU.ActiveCfg = Debug|Any CPU
		{C12A1D92-1A54-44AA-8519-5FC8F6F5530C}.AppStore|Any CPU.Build.0 = Debug|Any CPU
		{C12A1D92-1A54-44AA-8519-5FC8F6F5530C}.AppStore|iPhone.ActiveCfg = Debug|Any CPU
		{C12A1D92-1A54-44AA-8519-5FC8F6F5530C}.AppStore|iPhone.Build.0 = Debug|Any CPU
		{C12A1D92-1A54-44AA-8519-5FC8F6F5530C}.AppStore|iPhoneSimulator.ActiveCfg = Debug|Any CPU
		{C12A1D92-1A54-44AA-8519-5FC8F6F5530C}.AppStore|iPhoneSimulator.Build.0 = Debug|Any CPU
		{C12A1D92-1A54-44AA-8519-5FC8F6F5530C}.Debug|Any CPU.ActiveCfg = Debug|Any CPU
		{C12A1D92-1A54-44AA-8519-5FC8F6F5530C}.Debug|Any CPU.Build.0 = Debug|Any CPU
		{C12A1D92-1A54-44AA-8519-5FC8F6F5530C}.Debug|iPhone.ActiveCfg = Debug|Any CPU
		{C12A1D92-1A54-44AA-8519-5FC8F6F5530C}.Debug|iPhone.Build.0 = Debug|Any CPU
		{C12A1D92-1A54-44AA-8519-5FC8F6F5530C}.Debug|iPhoneSimulator.ActiveCfg = Debug|Any CPU
		{C12A1D92-1A54-44AA-8519-5FC8F6F5530C}.Debug|iPhoneSimulator.Build.0 = Debug|Any CPU
		{C12A1D92-1A54-44AA-8519-5FC8F6F5530C}.Release|Any CPU.ActiveCfg = Release|Any CPU
		{C12A1D92-1A54-44AA-8519-5FC8F6F5530C}.Release|Any CPU.Build.0 = Release|Any CPU
		{C12A1D92-1A54-44AA-8519-5FC8F6F5530C}.Release|iPhone.ActiveCfg = Release|Any CPU
		{C12A1D92-1A54-44AA-8519-5FC8F6F5530C}.Release|iPhone.Build.0 = Release|Any CPU
		{C12A1D92-1A54-44AA-8519-5FC8F6F5530C}.Release|iPhoneSimulator.ActiveCfg = Release|Any CPU
		{C12A1D92-1A54-44AA-8519-5FC8F6F5530C}.Release|iPhoneSimulator.Build.0 = Release|Any CPU
		{560D8BE5-5EB8-4D7A-A632-207F35FA5716}.Ad-Hoc|Any CPU.ActiveCfg = Debug|Any CPU
		{560D8BE5-5EB8-4D7A-A632-207F35FA5716}.Ad-Hoc|Any CPU.Build.0 = Debug|Any CPU
		{560D8BE5-5EB8-4D7A-A632-207F35FA5716}.Ad-Hoc|iPhone.ActiveCfg = Debug|Any CPU
		{560D8BE5-5EB8-4D7A-A632-207F35FA5716}.Ad-Hoc|iPhone.Build.0 = Debug|Any CPU
		{560D8BE5-5EB8-4D7A-A632-207F35FA5716}.Ad-Hoc|iPhoneSimulator.ActiveCfg = Debug|Any CPU
		{560D8BE5-5EB8-4D7A-A632-207F35FA5716}.Ad-Hoc|iPhoneSimulator.Build.0 = Debug|Any CPU
		{560D8BE5-5EB8-4D7A-A632-207F35FA5716}.AppStore|Any CPU.ActiveCfg = Debug|Any CPU
		{560D8BE5-5EB8-4D7A-A632-207F35FA5716}.AppStore|Any CPU.Build.0 = Debug|Any CPU
		{560D8BE5-5EB8-4D7A-A632-207F35FA5716}.AppStore|iPhone.ActiveCfg = Debug|Any CPU
		{560D8BE5-5EB8-4D7A-A632-207F35FA5716}.AppStore|iPhone.Build.0 = Debug|Any CPU
		{560D8BE5-5EB8-4D7A-A632-207F35FA5716}.AppStore|iPhoneSimulator.ActiveCfg = Debug|Any CPU
		{560D8BE5-5EB8-4D7A-A632-207F35FA5716}.AppStore|iPhoneSimulator.Build.0 = Debug|Any CPU
		{560D8BE5-5EB8-4D7A-A632-207F35FA5716}.Debug|Any CPU.ActiveCfg = Debug|Any CPU
		{560D8BE5-5EB8-4D7A-A632-207F35FA5716}.Debug|Any CPU.Build.0 = Debug|Any CPU
		{560D8BE5-5EB8-4D7A-A632-207F35FA5716}.Debug|iPhone.ActiveCfg = Debug|Any CPU
		{560D8BE5-5EB8-4D7A-A632-207F35FA5716}.Debug|iPhone.Build.0 = Debug|Any CPU
		{560D8BE5-5EB8-4D7A-A632-207F35FA5716}.Debug|iPhoneSimulator.ActiveCfg = Debug|Any CPU
		{560D8BE5-5EB8-4D7A-A632-207F35FA5716}.Debug|iPhoneSimulator.Build.0 = Debug|Any CPU
		{560D8BE5-5EB8-4D7A-A632-207F35FA5716}.Release|Any CPU.ActiveCfg = Release|Any CPU
		{560D8BE5-5EB8-4D7A-A632-207F35FA5716}.Release|Any CPU.Build.0 = Release|Any CPU
		{560D8BE5-5EB8-4D7A-A632-207F35FA5716}.Release|iPhone.ActiveCfg = Release|Any CPU
		{560D8BE5-5EB8-4D7A-A632-207F35FA5716}.Release|iPhone.Build.0 = Release|Any CPU
		{560D8BE5-5EB8-4D7A-A632-207F35FA5716}.Release|iPhoneSimulator.ActiveCfg = Release|Any CPU
		{560D8BE5-5EB8-4D7A-A632-207F35FA5716}.Release|iPhoneSimulator.Build.0 = Release|Any CPU
		{A7CAE69C-504F-46A1-9BEB-731E2450E750}.Ad-Hoc|Any CPU.ActiveCfg = Release|Any CPU
		{A7CAE69C-504F-46A1-9BEB-731E2450E750}.Ad-Hoc|Any CPU.Build.0 = Release|Any CPU
		{A7CAE69C-504F-46A1-9BEB-731E2450E750}.Ad-Hoc|Any CPU.Deploy.0 = Release|Any CPU
		{A7CAE69C-504F-46A1-9BEB-731E2450E750}.Ad-Hoc|iPhone.ActiveCfg = Release|Any CPU
		{A7CAE69C-504F-46A1-9BEB-731E2450E750}.Ad-Hoc|iPhone.Build.0 = Release|Any CPU
		{A7CAE69C-504F-46A1-9BEB-731E2450E750}.Ad-Hoc|iPhone.Deploy.0 = Release|Any CPU
		{A7CAE69C-504F-46A1-9BEB-731E2450E750}.Ad-Hoc|iPhoneSimulator.ActiveCfg = Release|Any CPU
		{A7CAE69C-504F-46A1-9BEB-731E2450E750}.Ad-Hoc|iPhoneSimulator.Build.0 = Release|Any CPU
		{A7CAE69C-504F-46A1-9BEB-731E2450E750}.Ad-Hoc|iPhoneSimulator.Deploy.0 = Release|Any CPU
		{A7CAE69C-504F-46A1-9BEB-731E2450E750}.AppStore|Any CPU.ActiveCfg = Release|Any CPU
		{A7CAE69C-504F-46A1-9BEB-731E2450E750}.AppStore|Any CPU.Build.0 = Release|Any CPU
		{A7CAE69C-504F-46A1-9BEB-731E2450E750}.AppStore|Any CPU.Deploy.0 = Release|Any CPU
		{A7CAE69C-504F-46A1-9BEB-731E2450E750}.AppStore|iPhone.ActiveCfg = Release|Any CPU
		{A7CAE69C-504F-46A1-9BEB-731E2450E750}.AppStore|iPhone.Build.0 = Release|Any CPU
		{A7CAE69C-504F-46A1-9BEB-731E2450E750}.AppStore|iPhone.Deploy.0 = Release|Any CPU
		{A7CAE69C-504F-46A1-9BEB-731E2450E750}.AppStore|iPhoneSimulator.ActiveCfg = Release|Any CPU
		{A7CAE69C-504F-46A1-9BEB-731E2450E750}.AppStore|iPhoneSimulator.Build.0 = Release|Any CPU
		{A7CAE69C-504F-46A1-9BEB-731E2450E750}.AppStore|iPhoneSimulator.Deploy.0 = Release|Any CPU
		{A7CAE69C-504F-46A1-9BEB-731E2450E750}.Debug|Any CPU.ActiveCfg = Debug|Any CPU
		{A7CAE69C-504F-46A1-9BEB-731E2450E750}.Debug|Any CPU.Build.0 = Debug|Any CPU
		{A7CAE69C-504F-46A1-9BEB-731E2450E750}.Debug|Any CPU.Deploy.0 = Debug|Any CPU
		{A7CAE69C-504F-46A1-9BEB-731E2450E750}.Debug|iPhone.ActiveCfg = Debug|Any CPU
		{A7CAE69C-504F-46A1-9BEB-731E2450E750}.Debug|iPhone.Build.0 = Debug|Any CPU
		{A7CAE69C-504F-46A1-9BEB-731E2450E750}.Debug|iPhone.Deploy.0 = Debug|Any CPU
		{A7CAE69C-504F-46A1-9BEB-731E2450E750}.Debug|iPhoneSimulator.ActiveCfg = Debug|Any CPU
		{A7CAE69C-504F-46A1-9BEB-731E2450E750}.Debug|iPhoneSimulator.Build.0 = Debug|Any CPU
		{A7CAE69C-504F-46A1-9BEB-731E2450E750}.Debug|iPhoneSimulator.Deploy.0 = Debug|Any CPU
		{A7CAE69C-504F-46A1-9BEB-731E2450E750}.Release|Any CPU.ActiveCfg = Release|Any CPU
		{A7CAE69C-504F-46A1-9BEB-731E2450E750}.Release|Any CPU.Build.0 = Release|Any CPU
		{A7CAE69C-504F-46A1-9BEB-731E2450E750}.Release|Any CPU.Deploy.0 = Release|Any CPU
		{A7CAE69C-504F-46A1-9BEB-731E2450E750}.Release|iPhone.ActiveCfg = Release|Any CPU
		{A7CAE69C-504F-46A1-9BEB-731E2450E750}.Release|iPhone.Build.0 = Release|Any CPU
		{A7CAE69C-504F-46A1-9BEB-731E2450E750}.Release|iPhone.Deploy.0 = Release|Any CPU
		{A7CAE69C-504F-46A1-9BEB-731E2450E750}.Release|iPhoneSimulator.ActiveCfg = Release|Any CPU
		{A7CAE69C-504F-46A1-9BEB-731E2450E750}.Release|iPhoneSimulator.Build.0 = Release|Any CPU
		{A7CAE69C-504F-46A1-9BEB-731E2450E750}.Release|iPhoneSimulator.Deploy.0 = Release|Any CPU
		{80A96B52-6758-4BDB-B0B4-CEA4CA155C60}.Ad-Hoc|Any CPU.ActiveCfg = Release|iPhone
		{80A96B52-6758-4BDB-B0B4-CEA4CA155C60}.Ad-Hoc|Any CPU.Build.0 = Release|iPhone
		{80A96B52-6758-4BDB-B0B4-CEA4CA155C60}.Ad-Hoc|iPhone.ActiveCfg = Release|iPhone
		{80A96B52-6758-4BDB-B0B4-CEA4CA155C60}.Ad-Hoc|iPhone.Build.0 = Release|iPhone
		{80A96B52-6758-4BDB-B0B4-CEA4CA155C60}.Ad-Hoc|iPhoneSimulator.ActiveCfg = Release|iPhoneSimulator
		{80A96B52-6758-4BDB-B0B4-CEA4CA155C60}.Ad-Hoc|iPhoneSimulator.Build.0 = Release|iPhoneSimulator
		{80A96B52-6758-4BDB-B0B4-CEA4CA155C60}.AppStore|Any CPU.ActiveCfg = Release|iPhone
		{80A96B52-6758-4BDB-B0B4-CEA4CA155C60}.AppStore|Any CPU.Build.0 = Release|iPhone
		{80A96B52-6758-4BDB-B0B4-CEA4CA155C60}.AppStore|iPhone.ActiveCfg = Release|iPhone
		{80A96B52-6758-4BDB-B0B4-CEA4CA155C60}.AppStore|iPhone.Build.0 = Release|iPhone
		{80A96B52-6758-4BDB-B0B4-CEA4CA155C60}.AppStore|iPhoneSimulator.ActiveCfg = Release|iPhoneSimulator
		{80A96B52-6758-4BDB-B0B4-CEA4CA155C60}.AppStore|iPhoneSimulator.Build.0 = Release|iPhoneSimulator
		{80A96B52-6758-4BDB-B0B4-CEA4CA155C60}.Debug|Any CPU.ActiveCfg = Debug|iPhone
		{80A96B52-6758-4BDB-B0B4-CEA4CA155C60}.Debug|iPhone.ActiveCfg = Debug|iPhone
		{80A96B52-6758-4BDB-B0B4-CEA4CA155C60}.Debug|iPhone.Build.0 = Debug|iPhone
		{80A96B52-6758-4BDB-B0B4-CEA4CA155C60}.Debug|iPhoneSimulator.ActiveCfg = Debug|iPhoneSimulator
		{80A96B52-6758-4BDB-B0B4-CEA4CA155C60}.Debug|iPhoneSimulator.Build.0 = Debug|iPhoneSimulator
		{80A96B52-6758-4BDB-B0B4-CEA4CA155C60}.Release|Any CPU.ActiveCfg = Release|iPhone
		{80A96B52-6758-4BDB-B0B4-CEA4CA155C60}.Release|iPhone.ActiveCfg = Release|iPhone
		{80A96B52-6758-4BDB-B0B4-CEA4CA155C60}.Release|iPhone.Build.0 = Release|iPhone
		{80A96B52-6758-4BDB-B0B4-CEA4CA155C60}.Release|iPhoneSimulator.ActiveCfg = Release|iPhoneSimulator
		{80A96B52-6758-4BDB-B0B4-CEA4CA155C60}.Release|iPhoneSimulator.Build.0 = Release|iPhoneSimulator
	EndGlobalSection
	GlobalSection(SolutionProperties) = preSolution
		HideSolutionNode = FALSE
	EndGlobalSection
	GlobalSection(NestedProjects) = preSolution
		{E83869B4-D187-4F5B-8C1A-E545733387D5} = {FD89B5DE-F725-45FC-BE63-CF07492AA4D7}
		{21EE276D-27F3-41E4-8E5A-8ED1268C9686} = {FD89B5DE-F725-45FC-BE63-CF07492AA4D7}
		{D882277B-9BC4-424E-A6F0-E47E798E6432} = {BD5AD73D-CB09-48D0-9493-911C9194A924}
		{30B028D1-529D-41E9-9C2A-ACA7BC275BFE} = {21EE276D-27F3-41E4-8E5A-8ED1268C9686}
		{536AE0C6-380D-4C7D-9803-711BFEAA3C0B} = {21EE276D-27F3-41E4-8E5A-8ED1268C9686}
		{C12A1D92-1A54-44AA-8519-5FC8F6F5530C} = {21EE276D-27F3-41E4-8E5A-8ED1268C9686}
		{560D8BE5-5EB8-4D7A-A632-207F35FA5716} = {E83869B4-D187-4F5B-8C1A-E545733387D5}
		{A7CAE69C-504F-46A1-9BEB-731E2450E750} = {E83869B4-D187-4F5B-8C1A-E545733387D5}
		{80A96B52-6758-4BDB-B0B4-CEA4CA155C60} = {E83869B4-D187-4F5B-8C1A-E545733387D5}
	EndGlobalSection
	GlobalSection(ExtensibilityGlobals) = postSolution
		SolutionGuid = {D21ECB69-AB04-45BD-BE43-1EB41D6BA410}
	EndGlobalSection
EndGlobal
